
Microsoft Visual Studio Solution File, Format Version 12.00
# Visual Studio Version 17
VisualStudioVersion = 17.2.32630.192
MinimumVisualStudioVersion = 10.0.40219.1
Project("{FAE04EC0-301F-11D3-BF4B-00C04F79EFBC}") = "Lab2_2", "Lab2_2\Lab2_2.csproj", "{70D00B84-E399-4022-B990-818D57CBDB91}"
EndProject
Global
	GlobalSection(SolutionConfigurationPlatforms) = preSolution
		Debug|Any CPU = Debug|Any CPU
		Release|Any CPU = Release|Any CPU
	EndGlobalSection
	GlobalSection(ProjectConfigurationPlatforms) = postSolution
		{70D00B84-E399-4022-B990-818D57CBDB91}.Debug|Any CPU.ActiveCfg = Debug|Any CPU
		{70D00B84-E399-4022-B990-818D57CBDB91}.Debug|Any CPU.Build.0 = Debug|Any CPU
		{70D00B84-E399-4022-B990-818D57CBDB91}.Release|Any CPU.ActiveCfg = Release|Any CPU
		{70D00B84-E399-4022-B990-818D57CBDB91}.Release|Any CPU.Build.0 = Release|Any CPU
	EndGlobalSection
	GlobalSection(SolutionProperties) = preSolution
		HideSolutionNode = FALSE
	EndGlobalSection
	GlobalSection(ExtensibilityGlobals) = postSolution
		SolutionGuid = {28B3A943-ADC0-446D-88B3-DBB5A2A01347}
	EndGlobalSection
EndGlobal
