
Microsoft Visual Studio Solution File, Format Version 12.00
# Visual Studio Version 17
VisualStudioVersion = 17.2.32630.192
MinimumVisualStudioVersion = 10.0.40219.1
Project("{FAE04EC0-301F-11D3-BF4B-00C04F79EFBC}") = "Lab2_1", "Lab2_1\Lab2_1.csproj", "{B7963A8F-3F00-4DA7-A809-A525AF1F2997}"
EndProject
Global
	GlobalSection(SolutionConfigurationPlatforms) = preSolution
		Debug|Any CPU = Debug|Any CPU
		Release|Any CPU = Release|Any CPU
	EndGlobalSection
	GlobalSection(ProjectConfigurationPlatforms) = postSolution
		{B7963A8F-3F00-4DA7-A809-A525AF1F2997}.Debug|Any CPU.ActiveCfg = Debug|Any CPU
		{B7963A8F-3F00-4DA7-A809-A525AF1F2997}.Debug|Any CPU.Build.0 = Debug|Any CPU
		{B7963A8F-3F00-4DA7-A809-A525AF1F2997}.Release|Any CPU.ActiveCfg = Release|Any CPU
		{B7963A8F-3F00-4DA7-A809-A525AF1F2997}.Release|Any CPU.Build.0 = Release|Any CPU
	EndGlobalSection
	GlobalSection(SolutionProperties) = preSolution
		HideSolutionNode = FALSE
	EndGlobalSection
	GlobalSection(ExtensibilityGlobals) = postSolution
		SolutionGuid = {ADBC53D2-8F4A-4500-A453-0C5EB074DEE5}
	EndGlobalSection
EndGlobal
